{
  "name": "handraw-style-prompter",
  "version": "0.1.0",
  "lockfileVersion": 3,
  "requires": true,
  "packages": {
    "": {
      "name": "handraw-style-prompter",
      "version": "0.1.0",
      "license": "MIT",
      "dependencies": {
        "@prisir/extension-sdk": "file:../sdk"
      }
    },
    "../sdk": {
      "name": "@prisir/extension-sdk",
      "version": "0.1.0",
      "license": "MIT"
    },
    "node_modules/@prisir/extension-sdk": {
      "resolved": "../sdk",
      "link": true
    }
  }
}
